Microsoft Visual Studio Solution File, Format Version 12.00
# Visual Studio Version 17
VisualStudioVersion = 17.13.35723.152
MinimumVisualStudioVersion = 10.0.40219.1
Project("{FAE04EC0-301F-11D3-BF4B-00C04F79EFBC}") = "EL", "EL.csproj", "{79510E94-1FE5-45CA-A0A3-2F842017D95C}"
EndProject
Project("{FAE04EC0-301F-11D3-BF4B-00C04F79EFBC}") = "GUI", "GUI\GUI.csproj", "{A55563D4-F4FE-456B-9C21-6C72E7BD2C77}"
EndProject
Global
	GlobalSection(SolutionConfigurationPlatforms) = preSolution
		Debug|Any CPU = Debug|Any CPU
		Release|Any CPU = Release|Any CPU
	EndGlobalSection
	GlobalSection(ProjectConfigurationPlatforms) = postSolution
		{79510E94-1FE5-45CA-A0A3-2F842017D95C}.Debug|Any CPU.ActiveCfg = Debug|Any CPU
		{79510E94-1FE5-45CA-A0A3-2F842017D95C}.Debug|Any CPU.Build.0 = Debug|Any CPU
		{79510E94-1FE5-45CA-A0A3-2F842017D95C}.Release|Any CPU.ActiveCfg = Release|Any CPU
		{79510E94-1FE5-45CA-A0A3-2F842017D95C}.Release|Any CPU.Build.0 = Release|Any CPU
		{A55563D4-F4FE-456B-9C21-6C72E7BD2C77}.Debug|Any CPU.ActiveCfg = Debug|Any CPU
		{A55563D4-F4FE-456B-9C21-6C72E7BD2C77}.Debug|Any CPU.Build.0 = Debug|Any CPU
		{A55563D4-F4FE-456B-9C21-6C72E7BD2C77}.Release|Any CPU.ActiveCfg = Release|Any CPU
		{A55563D4-F4FE-456B-9C21-6C72E7BD2C77}.Release|Any CPU.Build.0 = Release|Any CPU
	EndGlobalSection
	GlobalSection(SolutionProperties) = preSolution
		HideSolutionNode = FALSE
	EndGlobalSection
	GlobalSection(ExtensibilityGlobals) = postSolution
		SolutionGuid = {653EB89E-890D-41FA-9865-CDEC433D4772}
	EndGlobalSection
EndGlobal
